
Microsoft Visual Studio Solution File, Format Version 12.00
# Visual Studio Version 16
VisualStudioVersion = 16.0.31729.503
MinimumVisualStudioVersion = 10.0.40219.1
Project("{FAE04EC0-301F-11D3-BF4B-00C04F79EFBC}") = "LibraryWeb", "LibraryWeb\LibraryWeb.csproj", "{549BA2E8-CCBB-4202-912B-9F1152497162}"
EndProject
Global
	GlobalSection(SolutionConfigurationPlatforms) = preSolution
		Debug|Any CPU = Debug|Any CPU
		Release|Any CPU = Release|Any CPU
	EndGlobalSection
	GlobalSection(ProjectConfigurationPlatforms) = postSolution
		{549BA2E8-CCBB-4202-912B-9F1152497162}.Debug|Any CPU.ActiveCfg = Debug|Any CPU
		{549BA2E8-CCBB-4202-912B-9F1152497162}.Debug|Any CPU.Build.0 = Debug|Any CPU
		{549BA2E8-CCBB-4202-912B-9F1152497162}.Release|Any CPU.ActiveCfg = Release|Any CPU
		{549BA2E8-CCBB-4202-912B-9F1152497162}.Release|Any CPU.Build.0 = Release|Any CPU
	EndGlobalSection
	GlobalSection(SolutionProperties) = preSolution
		HideSolutionNode = FALSE
	EndGlobalSection
	GlobalSection(ExtensibilityGlobals) = postSolution
		SolutionGuid = {D89B419A-5BDA-4AAA-BA6C-4D432B757E37}
	EndGlobalSection
EndGlobal
